
Microsoft Visual Studio Solution File, Format Version 12.00
# Visual Studio 14
VisualStudioVersion = 14.0.25420.1
MinimumVisualStudioVersion = 10.0.40219.1
Project("{FAE04EC0-301F-11D3-BF4B-00C04F79EFBC}") = "Pim.Patriot.MDI", "Pim.Patriot.MDI\Pim.Patriot.MDI.csproj", "{834AA7F0-DBA1-4281-8A85-E5E1F35AEA5E}"
EndProject
Project("{FAE04EC0-301F-11D3-BF4B-00C04F79EFBC}") = "Pim.Patriot.ClassLibrary", "..\Pim.Patriot.ClassLibrary\Pim.Patriot.ClassLibrary.csproj", "{3E1A76A6-7E84-433E-AA11-24044AB2503A}"
EndProject
Project("{FAE04EC0-301F-11D3-BF4B-00C04F79EFBC}") = "Pim.Patriot.DataAccess", "..\Pim.Patriot.DataAccess\Pim.Patriot.DataAccess.csproj", "{0FB2651A-8AA9-4D6A-B79B-C78ABB62C549}"
EndProject
Project("{FAE04EC0-301F-11D3-BF4B-00C04F79EFBC}") = "Pim.Patriot.CadVecDesk", "..\Pim.Patriot.CadVecDesk\Pim.Patriot.CadVecDesk.csproj", "{7ED4F1BA-BBCC-4242-BEA6-02F4D98C23E0}"
EndProject
Project("{FAE04EC0-301F-11D3-BF4B-00C04F79EFBC}") = "Pim.Patriot.CadAce", "Pim.Patriot.CadAce\Pim.Patriot.CadAce.csproj", "{18E02B64-9475-41C2-840F-0737F804E19A}"
EndProject
Project("{FAE04EC0-301F-11D3-BF4B-00C04F79EFBC}") = "Pim.Patriot.LocRev", "Pim.Patriot.LocRev\Pim.Patriot.LocRev.csproj", "{5403B5E4-9B52-40BC-B4D7-2615228E7D66}"
EndProject
Project("{FAE04EC0-301F-11D3-BF4B-00C04F79EFBC}") = "Pim.Patriot.CadCli", "..\Pim.Patriot.CadCli\Pim.Patriot.CadCli.csproj", "{FFD70FAB-FFFC-46C4-9D65-717EA955C77C}"
EndProject
Project("{FAE04EC0-301F-11D3-BF4B-00C04F79EFBC}") = "WebLocadora_Interface", "..\WebLocadora_Interface\WebLocadora_Interface.csproj", "{58D515A5-3FF1-402F-BA30-813BDBDEDAA7}"
	ProjectSection(ProjectDependencies) = postProject
		{364B6976-8C0C-4DA3-B3D9-783C5DE698B2} = {364B6976-8C0C-4DA3-B3D9-783C5DE698B2}
	EndProjectSection
EndProject
Project("{FAE04EC0-301F-11D3-BF4B-00C04F79EFBC}") = "Pim.Patriot.Control", "Pim.Patriot.Control\Pim.Patriot.Control.csproj", "{364B6976-8C0C-4DA3-B3D9-783C5DE698B2}"
EndProject
Global
	GlobalSection(SolutionConfigurationPlatforms) = preSolution
		Debug|Any CPU = Debug|Any CPU
		Release|Any CPU = Release|Any CPU
	EndGlobalSection
	GlobalSection(ProjectConfigurationPlatforms) = postSolution
		{834AA7F0-DBA1-4281-8A85-E5E1F35AEA5E}.Debug|Any CPU.ActiveCfg = Debug|Any CPU
		{834AA7F0-DBA1-4281-8A85-E5E1F35AEA5E}.Debug|Any CPU.Build.0 = Debug|Any CPU
		{834AA7F0-DBA1-4281-8A85-E5E1F35AEA5E}.Release|Any CPU.ActiveCfg = Release|Any CPU
		{834AA7F0-DBA1-4281-8A85-E5E1F35AEA5E}.Release|Any CPU.Build.0 = Release|Any CPU
		{3E1A76A6-7E84-433E-AA11-24044AB2503A}.Debug|Any CPU.ActiveCfg = Debug|Any CPU
		{3E1A76A6-7E84-433E-AA11-24044AB2503A}.Debug|Any CPU.Build.0 = Debug|Any CPU
		{3E1A76A6-7E84-433E-AA11-24044AB2503A}.Release|Any CPU.ActiveCfg = Release|Any CPU
		{3E1A76A6-7E84-433E-AA11-24044AB2503A}.Release|Any CPU.Build.0 = Release|Any CPU
		{0FB2651A-8AA9-4D6A-B79B-C78ABB62C549}.Debug|Any CPU.ActiveCfg = Debug|Any CPU
		{0FB2651A-8AA9-4D6A-B79B-C78ABB62C549}.Debug|Any CPU.Build.0 = Debug|Any CPU
		{0FB2651A-8AA9-4D6A-B79B-C78ABB62C549}.Release|Any CPU.ActiveCfg = Release|Any CPU
		{0FB2651A-8AA9-4D6A-B79B-C78ABB62C549}.Release|Any CPU.Build.0 = Release|Any CPU
		{7ED4F1BA-BBCC-4242-BEA6-02F4D98C23E0}.Debug|Any CPU.ActiveCfg = Debug|Any CPU
		{7ED4F1BA-BBCC-4242-BEA6-02F4D98C23E0}.Debug|Any CPU.Build.0 = Debug|Any CPU
		{7ED4F1BA-BBCC-4242-BEA6-02F4D98C23E0}.Release|Any CPU.ActiveCfg = Release|Any CPU
		{7ED4F1BA-BBCC-4242-BEA6-02F4D98C23E0}.Release|Any CPU.Build.0 = Release|Any CPU
		{18E02B64-9475-41C2-840F-0737F804E19A}.Debug|Any CPU.ActiveCfg = Debug|Any CPU
		{18E02B64-9475-41C2-840F-0737F804E19A}.Debug|Any CPU.Build.0 = Debug|Any CPU
		{18E02B64-9475-41C2-840F-0737F804E19A}.Release|Any CPU.ActiveCfg = Release|Any CPU
		{18E02B64-9475-41C2-840F-0737F804E19A}.Release|Any CPU.Build.0 = Release|Any CPU
		{5403B5E4-9B52-40BC-B4D7-2615228E7D66}.Debug|Any CPU.ActiveCfg = Debug|Any CPU
		{5403B5E4-9B52-40BC-B4D7-2615228E7D66}.Debug|Any CPU.Build.0 = Debug|Any CPU
		{5403B5E4-9B52-40BC-B4D7-2615228E7D66}.Release|Any CPU.ActiveCfg = Release|Any CPU
		{5403B5E4-9B52-40BC-B4D7-2615228E7D66}.Release|Any CPU.Build.0 = Release|Any CPU
		{FFD70FAB-FFFC-46C4-9D65-717EA955C77C}.Debug|Any CPU.ActiveCfg = Debug|Any CPU
		{FFD70FAB-FFFC-46C4-9D65-717EA955C77C}.Debug|Any CPU.Build.0 = Debug|Any CPU
		{FFD70FAB-FFFC-46C4-9D65-717EA955C77C}.Release|Any CPU.ActiveCfg = Release|Any CPU
		{FFD70FAB-FFFC-46C4-9D65-717EA955C77C}.Release|Any CPU.Build.0 = Release|Any CPU
		{58D515A5-3FF1-402F-BA30-813BDBDEDAA7}.Debug|Any CPU.ActiveCfg = Debug|Any CPU
		{58D515A5-3FF1-402F-BA30-813BDBDEDAA7}.Debug|Any CPU.Build.0 = Debug|Any CPU
		{58D515A5-3FF1-402F-BA30-813BDBDEDAA7}.Release|Any CPU.ActiveCfg = Release|Any CPU
		{58D515A5-3FF1-402F-BA30-813BDBDEDAA7}.Release|Any CPU.Build.0 = Release|Any CPU
		{364B6976-8C0C-4DA3-B3D9-783C5DE698B2}.Debug|Any CPU.ActiveCfg = Debug|Any CPU
		{364B6976-8C0C-4DA3-B3D9-783C5DE698B2}.Debug|Any CPU.Build.0 = Debug|Any CPU
		{364B6976-8C0C-4DA3-B3D9-783C5DE698B2}.Release|Any CPU.ActiveCfg = Release|Any CPU
		{364B6976-8C0C-4DA3-B3D9-783C5DE698B2}.Release|Any CPU.Build.0 = Release|Any CPU
	EndGlobalSection
	GlobalSection(SolutionProperties) = preSolution
		HideSolutionNode = FALSE
	EndGlobalSection
EndGlobal
